SITE
  remote: http://community.opscode.com/api/v1
  specs:
    apache2 (1.6.0)
    build-essential (1.3.4)

GIT
  remote: https://github.com/mdxp/icinga-cookbook.git
  ref: master
  sha: 49d12bc9b6beca9e0530b77ceaa4b7187b29cf04
  specs:
    icinga (0.2.0)
      apache2 (>= 0.0.0)
      build-essential (>= 0.0.0)

GIT
  remote: https://github.com/tknerr/cookbooks-vagrant-ohai.git
  ref: master
  sha: 8cc7fec0770ab519cfdc02dce33fcdec8e5dd187
  specs:
    vagrant-ohai (1.0.1)

DEPENDENCIES
  icinga (>= 0)
  vagrant-ohai (>= 0)

